
Microsoft Visual Studio Solution File, Format Version 12.00
# Visual Studio Version 16
VisualStudioVersion = 16.0.30621.155
MinimumVisualStudioVersion = 10.0.40219.1
Project("{FAE04EC0-301F-11D3-BF4B-00C04F79EFBC}") = "LandmarkAI", "LandmarkAI.csproj", "{7EF48B80-C908-4074-A397-4CCF02B62C09}"
EndProject
Global
	GlobalSection(SolutionConfigurationPlatforms) = preSolution
		Debug|Any CPU = Debug|Any CPU
		Release|Any CPU = Release|Any CPU
	EndGlobalSection
	GlobalSection(ProjectConfigurationPlatforms) = postSolution
		{7EF48B80-C908-4074-A397-4CCF02B62C09}.Debug|Any CPU.ActiveCfg = Debug|Any CPU
		{7EF48B80-C908-4074-A397-4CCF02B62C09}.Debug|Any CPU.Build.0 = Debug|Any CPU
		{7EF48B80-C908-4074-A397-4CCF02B62C09}.Release|Any CPU.ActiveCfg = Release|Any CPU
		{7EF48B80-C908-4074-A397-4CCF02B62C09}.Release|Any CPU.Build.0 = Release|Any CPU
	EndGlobalSection
	GlobalSection(SolutionProperties) = preSolution
		HideSolutionNode = FALSE
	EndGlobalSection
	GlobalSection(ExtensibilityGlobals) = postSolution
		SolutionGuid = {75A7EC4A-098B-4379-A6A3-38E06400DEB9}
	EndGlobalSection
EndGlobal
