
Microsoft Visual Studio Solution File, Format Version 12.00
# Visual Studio Version 16
VisualStudioVersion = 16.0.30621.155
MinimumVisualStudioVersion = 10.0.40219.1
Project("{9A19103F-16F7-4668-BE54-9A1E7A4F7556}") = "MyNotes", "MyNotes.csproj", "{9C5F5027-1758-46AF-98F4-C3BBC66D04C9}"
EndProject
Project("{C7167F0D-BC9F-4E6E-AFE1-012C56B48DB5}") = "MyNotes_Packaging", "..\MyNotes_Packaging\MyNotes_Packaging.wapproj", "{08E96D82-3990-4BE4-8646-230B3F380A52}"
EndProject
Global
	GlobalSection(SolutionConfigurationPlatforms) = preSolution
		Debug|Any CPU = Debug|Any CPU
		Debug|ARM = Debug|ARM
		Debug|ARM64 = Debug|ARM64
		Debug|x64 = Debug|x64
		Debug|x86 = Debug|x86
		Release|Any CPU = Release|Any CPU
		Release|ARM = Release|ARM
		Release|ARM64 = Release|ARM64
		Release|x64 = Release|x64
		Release|x86 = Release|x86
	EndGlobalSection
	GlobalSection(ProjectConfigurationPlatforms) = postSolution
		{9C5F5027-1758-46AF-98F4-C3BBC66D04C9}.Debug|Any CPU.ActiveCfg = Debug|Any CPU
		{9C5F5027-1758-46AF-98F4-C3BBC66D04C9}.Debug|Any CPU.Build.0 = Debug|Any CPU
		{9C5F5027-1758-46AF-98F4-C3BBC66D04C9}.Debug|ARM.ActiveCfg = Debug|Any CPU
		{9C5F5027-1758-46AF-98F4-C3BBC66D04C9}.Debug|ARM.Build.0 = Debug|Any CPU
		{9C5F5027-1758-46AF-98F4-C3BBC66D04C9}.Debug|ARM64.ActiveCfg = Debug|Any CPU
		{9C5F5027-1758-46AF-98F4-C3BBC66D04C9}.Debug|ARM64.Build.0 = Debug|Any CPU
		{9C5F5027-1758-46AF-98F4-C3BBC66D04C9}.Debug|x64.ActiveCfg = Debug|Any CPU
		{9C5F5027-1758-46AF-98F4-C3BBC66D04C9}.Debug|x64.Build.0 = Debug|Any CPU
		{9C5F5027-1758-46AF-98F4-C3BBC66D04C9}.Debug|x86.ActiveCfg = Debug|Any CPU
		{9C5F5027-1758-46AF-98F4-C3BBC66D04C9}.Debug|x86.Build.0 = Debug|Any CPU
		{9C5F5027-1758-46AF-98F4-C3BBC66D04C9}.Release|Any CPU.ActiveCfg = Release|Any CPU
		{9C5F5027-1758-46AF-98F4-C3BBC66D04C9}.Release|Any CPU.Build.0 = Release|Any CPU
		{9C5F5027-1758-46AF-98F4-C3BBC66D04C9}.Release|ARM.ActiveCfg = Release|Any CPU
		{9C5F5027-1758-46AF-98F4-C3BBC66D04C9}.Release|ARM.Build.0 = Release|Any CPU
		{9C5F5027-1758-46AF-98F4-C3BBC66D04C9}.Release|ARM64.ActiveCfg = Release|Any CPU
		{9C5F5027-1758-46AF-98F4-C3BBC66D04C9}.Release|ARM64.Build.0 = Release|Any CPU
		{9C5F5027-1758-46AF-98F4-C3BBC66D04C9}.Release|x64.ActiveCfg = Release|Any CPU
		{9C5F5027-1758-46AF-98F4-C3BBC66D04C9}.Release|x64.Build.0 = Release|Any CPU
		{9C5F5027-1758-46AF-98F4-C3BBC66D04C9}.Release|x86.ActiveCfg = Release|Any CPU
		{9C5F5027-1758-46AF-98F4-C3BBC66D04C9}.Release|x86.Build.0 = Release|Any CPU
		{08E96D82-3990-4BE4-8646-230B3F380A52}.Debug|Any CPU.ActiveCfg = Debug|Any CPU
		{08E96D82-3990-4BE4-8646-230B3F380A52}.Debug|Any CPU.Build.0 = Debug|Any CPU
		{08E96D82-3990-4BE4-8646-230B3F380A52}.Debug|Any CPU.Deploy.0 = Debug|Any CPU
		{08E96D82-3990-4BE4-8646-230B3F380A52}.Debug|ARM.ActiveCfg = Debug|ARM
		{08E96D82-3990-4BE4-8646-230B3F380A52}.Debug|ARM.Build.0 = Debug|ARM
		{08E96D82-3990-4BE4-8646-230B3F380A52}.Debug|ARM.Deploy.0 = Debug|ARM
		{08E96D82-3990-4BE4-8646-230B3F380A52}.Debug|ARM64.ActiveCfg = Debug|ARM64
		{08E96D82-3990-4BE4-8646-230B3F380A52}.Debug|ARM64.Build.0 = Debug|ARM64
		{08E96D82-3990-4BE4-8646-230B3F380A52}.Debug|ARM64.Deploy.0 = Debug|ARM64
		{08E96D82-3990-4BE4-8646-230B3F380A52}.Debug|x64.ActiveCfg = Debug|x64
		{08E96D82-3990-4BE4-8646-230B3F380A52}.Debug|x64.Build.0 = Debug|x64
		{08E96D82-3990-4BE4-8646-230B3F380A52}.Debug|x64.Deploy.0 = Debug|x64
		{08E96D82-3990-4BE4-8646-230B3F380A52}.Debug|x86.ActiveCfg = Debug|x86
		{08E96D82-3990-4BE4-8646-230B3F380A52}.Debug|x86.Build.0 = Debug|x86
		{08E96D82-3990-4BE4-8646-230B3F380A52}.Debug|x86.Deploy.0 = Debug|x86
		{08E96D82-3990-4BE4-8646-230B3F380A52}.Release|Any CPU.ActiveCfg = Release|Any CPU
		{08E96D82-3990-4BE4-8646-230B3F380A52}.Release|Any CPU.Build.0 = Release|Any CPU
		{08E96D82-3990-4BE4-8646-230B3F380A52}.Release|Any CPU.Deploy.0 = Release|Any CPU
		{08E96D82-3990-4BE4-8646-230B3F380A52}.Release|ARM.ActiveCfg = Release|ARM
		{08E96D82-3990-4BE4-8646-230B3F380A52}.Release|ARM.Build.0 = Release|ARM
		{08E96D82-3990-4BE4-8646-230B3F380A52}.Release|ARM.Deploy.0 = Release|ARM
		{08E96D82-3990-4BE4-8646-230B3F380A52}.Release|ARM64.ActiveCfg = Release|ARM64
		{08E96D82-3990-4BE4-8646-230B3F380A52}.Release|ARM64.Build.0 = Release|ARM64
		{08E96D82-3990-4BE4-8646-230B3F380A52}.Release|ARM64.Deploy.0 = Release|ARM64
		{08E96D82-3990-4BE4-8646-230B3F380A52}.Release|x64.ActiveCfg = Release|x64
		{08E96D82-3990-4BE4-8646-230B3F380A52}.Release|x64.Build.0 = Release|x64
		{08E96D82-3990-4BE4-8646-230B3F380A52}.Release|x64.Deploy.0 = Release|x64
		{08E96D82-3990-4BE4-8646-230B3F380A52}.Release|x86.ActiveCfg = Release|x86
		{08E96D82-3990-4BE4-8646-230B3F380A52}.Release|x86.Build.0 = Release|x86
		{08E96D82-3990-4BE4-8646-230B3F380A52}.Release|x86.Deploy.0 = Release|x86
	EndGlobalSection
	GlobalSection(SolutionProperties) = preSolution
		HideSolutionNode = FALSE
	EndGlobalSection
	GlobalSection(ExtensibilityGlobals) = postSolution
		SolutionGuid = {386CE6EA-05CD-42C9-8BE2-909E0DBC6D4D}
	EndGlobalSection
EndGlobal
