
Microsoft Visual Studio Solution File, Format Version 12.00
# Visual Studio Version 16
VisualStudioVersion = 16.0.30621.155
MinimumVisualStudioVersion = 10.0.40219.1
Project("{FAE04EC0-301F-11D3-BF4B-00C04F79EFBC}") = "MyNotes", "MyNotes.csproj", "{9C5F5027-1758-46AF-98F4-C3BBC66D04C9}"
EndProject
Global
	GlobalSection(SolutionConfigurationPlatforms) = preSolution
		Debug|Any CPU = Debug|Any CPU
		Release|Any CPU = Release|Any CPU
	EndGlobalSection
	GlobalSection(ProjectConfigurationPlatforms) = postSolution
		{9C5F5027-1758-46AF-98F4-C3BBC66D04C9}.Debug|Any CPU.ActiveCfg = Debug|Any CPU
		{9C5F5027-1758-46AF-98F4-C3BBC66D04C9}.Debug|Any CPU.Build.0 = Debug|Any CPU
		{9C5F5027-1758-46AF-98F4-C3BBC66D04C9}.Release|Any CPU.ActiveCfg = Release|Any CPU
		{9C5F5027-1758-46AF-98F4-C3BBC66D04C9}.Release|Any CPU.Build.0 = Release|Any CPU
	EndGlobalSection
	GlobalSection(SolutionProperties) = preSolution
		HideSolutionNode = FALSE
	EndGlobalSection
	GlobalSection(ExtensibilityGlobals) = postSolution
		SolutionGuid = {386CE6EA-05CD-42C9-8BE2-909E0DBC6D4D}
	EndGlobalSection
EndGlobal
